// !$*UTF8*$!
{
	archiveVersion = 1;
	classes = {
	};
	objectVersion = 77;
	objects = {

/* Begin PBXBuildFile section */
		12A63285A30EBEDDCBCE6DB5 /* IDPApproverApp.swift in Sources */ = {isa = PBXBuildFile; fileRef = CBDC709749B90DAD12071771 /* IDPApproverApp.swift */; };
		172EFEA5502397434486D386 /* Theme.swift in Sources */ = {isa = PBXBuildFile; fileRef = 25B07BE0BC39F85A2AFD7D7B /* Theme.swift */; };
		29377F8E969E1EA175F847EF /* PingOneSDK in Frameworks */ = {isa = PBXBuildFile; productRef = 80C890C51DE54285A3C8C0FE /* PingOneSDK */; };
		3FF0F5CD15731CB2FC8A5AC2 /* MFAManager.swift in Sources */ = {isa = PBXBuildFile; fileRef = 8FDC3094E9AE48E12B1C46A1 /* MFAManager.swift */; };
		68B2C2B81FF2FBC26AF0793D /* ApprovalView.swift in Sources */ = {isa = PBXBuildFile; fileRef = E31E1662B569CFFB174FD945 /* ApprovalView.swift */; };
		AA11BB22CC33DD44EE55F002 /* Assets.xcassets in Resources */ = {isa = PBXBuildFile; fileRef = AA11BB22CC33DD44EE55F001 /* Assets.xcassets */; };
/* End PBXBuildFile section */

/* Begin PBXFileReference section */
		01DA58A994737618EECA5FCE /* IDPApprover.entitlements */ = {isa = PBXFileReference; lastKnownFileType = text.plist.entitlements; path = IDPApprover.entitlements; sourceTree = "<group>"; };
		AA11BB22CC33DD44EE55F001 /* Assets.xcassets */ = {isa = PBXFileReference; lastKnownFileType = folder.assetcatalog; path = Assets.xcassets; sourceTree = "<group>"; };
		25B07BE0BC39F85A2AFD7D7B /* Theme.swift */ = {isa = PBXFileReference; lastKnownFileType = sourcecode.swift; path = Theme.swift; sourceTree = "<group>"; };
		8FDC3094E9AE48E12B1C46A1 /* MFAManager.swift */ = {isa = PBXFileReference; lastKnownFileType = sourcecode.swift; path = MFAManager.swift; sourceTree = "<group>"; };
		AD7EF0A28D62B48B4148FEF7 /* Info.plist */ = {isa = PBXFileReference; lastKnownFileType = text.plist; path = Info.plist; sourceTree = "<group>"; };
		CBDC709749B90DAD12071771 /* IDPApproverApp.swift */ = {isa = PBXFileReference; lastKnownFileType = sourcecode.swift; path = IDPApproverApp.swift; sourceTree = "<group>"; };
		CD839567CAEE4425065CE8D6 /* IDPApprover.app */ = {isa = PBXFileReference; explicitFileType = wrapper.application; includeInIndex = 0; path = IDPApprover.app; sourceTree = BUILT_PRODUCTS_DIR; };
		E31E1662B569CFFB174FD945 /* ApprovalView.swift */ = {isa = PBXFileReference; lastKnownFileType = sourcecode.swift; path = ApprovalView.swift; sourceTree = "<group>"; };
/* End PBXFileReference section */

/* Begin PBXFrameworksBuildPhase section */
		BE83C553DF8099AEFC2A668B /* Frameworks */ = {
			isa = PBXFrameworksBuildPhase;
			buildActionMask = 2147483647;
			files = (
				29377F8E969E1EA175F847EF /* PingOneSDK in Frameworks */,
			);
			runOnlyForDeploymentPostprocessing = 0;
		};
/* End PBXFrameworksBuildPhase section */

/* Begin PBXGroup section */
		634702A0BEE0E4E7CEF7ED40 /* IDPApprover */ = {
			isa = PBXGroup;
			children = (
				AA11BB22CC33DD44EE55F001 /* Assets.xcassets */,
				E31E1662B569CFFB174FD945 /* ApprovalView.swift */,
				01DA58A994737618EECA5FCE /* IDPApprover.entitlements */,
				CBDC709749B90DAD12071771 /* IDPApproverApp.swift */,
				AD7EF0A28D62B48B4148FEF7 /* Info.plist */,
				8FDC3094E9AE48E12B1C46A1 /* MFAManager.swift */,
				25B07BE0BC39F85A2AFD7D7B /* Theme.swift */,
			);
			path = IDPApprover;
			sourceTree = "<group>";
		};
		74135B27D7D9AB8275045672 = {
			isa = PBXGroup;
			children = (
				634702A0BEE0E4E7CEF7ED40 /* IDPApprover */,
				E5F50D7903D0673E40AE4881 /* Products */,
			);
			sourceTree = "<group>";
		};
		E5F50D7903D0673E40AE4881 /* Products */ = {
			isa = PBXGroup;
			children = (
				CD839567CAEE4425065CE8D6 /* IDPApprover.app */,
			);
			name = Products;
			sourceTree = "<group>";
		};
/* End PBXGroup section */

/* Begin PBXNativeTarget section */
		B6CA7A11C947D08FECE313C2 /* IDPApprover */ = {
			isa = PBXNativeTarget;
			buildConfigurationList = DBA3E2DC2F406C7BDB30FB37 /* Build configuration list for PBXNativeTarget "IDPApprover" */;
			buildPhases = (
				982503B73F78D5D524EAC3B8 /* Sources */,
				BE83C553DF8099AEFC2A668B /* Frameworks */,
				AA11BB22CC33DD44EE55F003 /* Resources */,
			);
			buildRules = (
			);
			dependencies = (
			);
			name = IDPApprover;
			packageProductDependencies = (
				80C890C51DE54285A3C8C0FE /* PingOneSDK */,
			);
			productName = IDPApprover;
			productReference = CD839567CAEE4425065CE8D6 /* IDPApprover.app */;
			productType = "com.apple.product-type.application";
		};
/* End PBXNativeTarget section */

/* Begin PBXProject section */
		2FFF925DB58D7B1A2D89A2B9 /* Project object */ = {
			isa = PBXProject;
			attributes = {
				BuildIndependentTargetsInParallel = YES;
				LastUpgradeCheck = 1430;
				TargetAttributes = {
					B6CA7A11C947D08FECE313C2 = {
						ProvisioningStyle = Automatic;
					};
				};
			};
			buildConfigurationList = 3D3EABAAA7AA3F492239F6FB /* Build configuration list for PBXProject "IDPApprover" */;
			developmentRegion = en;
			hasScannedForEncodings = 0;
			knownRegions = (
				Base,
				en,
			);
			mainGroup = 74135B27D7D9AB8275045672;
			minimizedProjectReferenceProxies = 1;
			packageReferences = (
				BA9A7BF0D488F3E431817659 /* XCRemoteSwiftPackageReference "pingone-mobile-sdk-ios" */,
			);
			preferredProjectObjectVersion = 77;
			productRefGroup = E5F50D7903D0673E40AE4881 /* Products */;
			projectDirPath = "";
			projectRoot = "";
			targets = (
				B6CA7A11C947D08FECE313C2 /* IDPApprover */,
			);
		};
/* End PBXProject section */

/* Begin PBXResourcesBuildPhase section */
		AA11BB22CC33DD44EE55F003 /* Resources */ = {
			isa = PBXResourcesBuildPhase;
			buildActionMask = 2147483647;
			files = (
				AA11BB22CC33DD44EE55F002 /* Assets.xcassets in Resources */,
			);
			runOnlyForDeploymentPostprocessing = 0;
		};
/* End PBXResourcesBuildPhase section */

/* Begin PBXSourcesBuildPhase section */
		982503B73F78D5D524EAC3B8 /* Sources */ = {
			isa = PBXSourcesBuildPhase;
			buildActionMask = 2147483647;
			files = (
				68B2C2B81FF2FBC26AF0793D /* ApprovalView.swift in Sources */,
				12A63285A30EBEDDCBCE6DB5 /* IDPApproverApp.swift in Sources */,
				3FF0F5CD15731CB2FC8A5AC2 /* MFAManager.swift in Sources */,
				172EFEA5502397434486D386 /* Theme.swift in Sources */,
			);
			runOnlyForDeploymentPostprocessing = 0;
		};
/* End PBXSourcesBuildPhase section */

/* Begin XCBuildConfiguration section */
		0DCC7C2AAB5E9B4A7166AF24 /* Debug */ = {
			isa = XCBuildConfiguration;
			buildSettings = {
				ALWAYS_SEARCH_USER_PATHS = NO;
				CLANG_ANALYZER_NONNULL = YES;
				CLANG_ANALYZER_NUMBER_OBJECT_CONVERSION = YES_AGGRESSIVE;
				CLANG_CXX_LANGUAGE_STANDARD = "gnu++14";
				CLANG_CXX_LIBRARY = "libc++";
				CLANG_ENABLE_MODULES = YES;
				CLANG_ENABLE_OBJC_ARC = YES;
				CLANG_ENABLE_OBJC_WEAK = YES;
				CLANG_WARN_BLOCK_CAPTURE_AUTORELEASING = YES;
				CLANG_WARN_BOOL_CONVERSION = YES;
				CLANG_WARN_COMMA = YES;
				CLANG_WARN_CONSTANT_CONVERSION = YES;
				CLANG_WARN_DEPRECATED_OBJC_IMPLEMENTATIONS = YES;
				CLANG_WARN_DIRECT_OBJC_ISA_USAGE = YES_ERROR;
				CLANG_WARN_DOCUMENTATION_COMMENTS = YES;
				CLANG_WARN_EMPTY_BODY = YES;
				CLANG_WARN_ENUM_CONVERSION = YES;
				CLANG_WARN_INFINITE_RECURSION = YES;
				CLANG_WARN_INT_CONVERSION = YES;
				CLANG_WARN_NON_LITERAL_NULL_CONVERSION = YES;
				CLANG_WARN_OBJC_IMPLICIT_RETAIN_SELF = YES;
				CLANG_WARN_OBJC_LITERAL_CONVERSION = YES;
				CLANG_WARN_OBJC_ROOT_CLASS = YES_ERROR;
				CLANG_WARN_QUOTED_INCLUDE_IN_FRAMEWORK_HEADER = YES;
				CLANG_WARN_RANGE_LOOP_ANALYSIS = YES;
				CLANG_WARN_STRICT_PROTOTYPES = YES;
				CLANG_WARN_SUSPICIOUS_MOVE = YES;
				CLANG_WARN_UNGUARDED_AVAILABILITY = YES_AGGRESSIVE;
				CLANG_WARN_UNREACHABLE_CODE = YES;
				CLANG_WARN__DUPLICATE_METHOD_MATCH = YES;
				COPY_PHASE_STRIP = NO;
				DEBUG_INFORMATION_FORMAT = dwarf;
				ENABLE_STRICT_OBJC_MSGSEND = YES;
				ENABLE_TESTABILITY = YES;
				GCC_C_LANGUAGE_STANDARD = gnu11;
				GCC_DYNAMIC_NO_PIC = NO;
				GCC_NO_COMMON_BLOCKS = YES;
				GCC_OPTIMIZATION_LEVEL = 0;
				GCC_PREPROCESSOR_DEFINITIONS = (
					"$(inherited)",
					"DEBUG=1",
				);
				GCC_WARN_64_TO_32_BIT_CONVERSION = YES;
				GCC_WARN_ABOUT_RETURN_TYPE = YES_ERROR;
				GCC_WARN_UNDECLARED_SELECTOR = YES;
				GCC_WARN_UNINITIALIZED_AUTOS = YES_AGGRESSIVE;
				GCC_WARN_UNUSED_FUNCTION = YES;
				GCC_WARN_UNUSED_VARIABLE = YES;
				IPHONEOS_DEPLOYMENT_TARGET = 16.0;
				MTL_ENABLE_DEBUG_INFO = INCLUDE_SOURCE;
				MTL_FAST_MATH = YES;
				ONLY_ACTIVE_ARCH = YES;
				PRODUCT_NAME = "$(TARGET_NAME)";
				SDKROOT = iphoneos;
				SWIFT_ACTIVE_COMPILATION_CONDITIONS = DEBUG;
				SWIFT_OPTIMIZATION_LEVEL = "-Onone";
				SWIFT_VERSION = 5.0;
			};
			name = Debug;
		};
		1EFD6C16BF0384CDB330A4B8 /* Release */ = {
			isa = XCBuildConfiguration;
			buildSettings = {
				ASSETCATALOG_COMPILER_APPICON_NAME = AppIcon;
				CODE_SIGN_ENTITLEMENTS = IDPApprover/IDPApprover.entitlements;
				CODE_SIGN_IDENTITY = "Apple Development";
				CODE_SIGN_STYLE = Automatic;
				CURRENT_PROJECT_VERSION = 1;
				DEVELOPMENT_TEAM = JH6RX4DRG2;
				GENERATE_INFOPLIST_FILE = YES;
				INFOPLIST_FILE = IDPApprover/Info.plist;
				INFOPLIST_KEY_NSFaceIDUsageDescription = "Approve payments with Face ID";
				INFOPLIST_KEY_UIApplicationSceneManifest_Generation = YES;
				INFOPLIST_KEY_UILaunchScreen_Generation = YES;
				LD_RUNPATH_SEARCH_PATHS = (
					"$(inherited)",
					"@executable_path/Frameworks",
				);
				MARKETING_VERSION = 1.0;
				PRODUCT_BUNDLE_IDENTIFIER = com.idpartners.bankapprover;
				SDKROOT = iphoneos;
				TARGETED_DEVICE_FAMILY = "1,2";
			};
			name = Release;
		};
		9A3400AAE90BAB77E40B9940 /* Release */ = {
			isa = XCBuildConfiguration;
			buildSettings = {
				ALWAYS_SEARCH_USER_PATHS = NO;
				CLANG_ANALYZER_NONNULL = YES;
				CLANG_ANALYZER_NUMBER_OBJECT_CONVERSION = YES_AGGRESSIVE;
				CLANG_CXX_LANGUAGE_STANDARD = "gnu++14";
				CLANG_CXX_LIBRARY = "libc++";
				CLANG_ENABLE_MODULES = YES;
				CLANG_ENABLE_OBJC_ARC = YES;
				CLANG_ENABLE_OBJC_WEAK = YES;
				CLANG_WARN_BLOCK_CAPTURE_AUTORELEASING = YES;
				CLANG_WARN_BOOL_CONVERSION = YES;
				CLANG_WARN_COMMA = YES;
				CLANG_WARN_CONSTANT_CONVERSION = YES;
				CLANG_WARN_DEPRECATED_OBJC_IMPLEMENTATIONS = YES;
				CLANG_WARN_DIRECT_OBJC_ISA_USAGE = YES_ERROR;
				CLANG_WARN_DOCUMENTATION_COMMENTS = YES;
				CLANG_WARN_EMPTY_BODY = YES;
				CLANG_WARN_ENUM_CONVERSION = YES;
				CLANG_WARN_INFINITE_RECURSION = YES;
				CLANG_WARN_INT_CONVERSION = YES;
				CLANG_WARN_NON_LITERAL_NULL_CONVERSION = YES;
				CLANG_WARN_OBJC_IMPLICIT_RETAIN_SELF = YES;
				CLANG_WARN_OBJC_LITERAL_CONVERSION = YES;
				CLANG_WARN_OBJC_ROOT_CLASS = YES_ERROR;
				CLANG_WARN_QUOTED_INCLUDE_IN_FRAMEWORK_HEADER = YES;
				CLANG_WARN_RANGE_LOOP_ANALYSIS = YES;
				CLANG_WARN_STRICT_PROTOTYPES = YES;
				CLANG_WARN_SUSPICIOUS_MOVE = YES;
				CLANG_WARN_UNGUARDED_AVAILABILITY = YES_AGGRESSIVE;
				CLANG_WARN_UNREACHABLE_CODE = YES;
				CLANG_WARN__DUPLICATE_METHOD_MATCH = YES;
				COPY_PHASE_STRIP = NO;
				DEBUG_INFORMATION_FORMAT = "dwarf-with-dsym";
				ENABLE_NS_ASSERTIONS = NO;
				ENABLE_STRICT_OBJC_MSGSEND = YES;
				GCC_C_LANGUAGE_STANDARD = gnu11;
				GCC_NO_COMMON_BLOCKS = YES;
				GCC_WARN_64_TO_32_BIT_CONVERSION = YES;
				GCC_WARN_ABOUT_RETURN_TYPE = YES_ERROR;
				GCC_WARN_UNDECLARED_SELECTOR = YES;
				GCC_WARN_UNINITIALIZED_AUTOS = YES_AGGRESSIVE;
				GCC_WARN_UNUSED_FUNCTION = YES;
				GCC_WARN_UNUSED_VARIABLE = YES;
				IPHONEOS_DEPLOYMENT_TARGET = 16.0;
				MTL_ENABLE_DEBUG_INFO = NO;
				MTL_FAST_MATH = YES;
				PRODUCT_NAME = "$(TARGET_NAME)";
				SDKROOT = iphoneos;
				SWIFT_COMPILATION_MODE = wholemodule;
				SWIFT_OPTIMIZATION_LEVEL = "-O";
				SWIFT_VERSION = 5.0;
			};
			name = Release;
		};
		AD60692C5D181020326EC2B7 /* Debug */ = {
			isa = XCBuildConfiguration;
			buildSettings = {
				ASSETCATALOG_COMPILER_APPICON_NAME = AppIcon;
				CODE_SIGN_ENTITLEMENTS = IDPApprover/IDPApprover.entitlements;
				CODE_SIGN_IDENTITY = "Apple Development";
				CODE_SIGN_STYLE = Automatic;
				CURRENT_PROJECT_VERSION = 1;
				DEVELOPMENT_TEAM = JH6RX4DRG2;
				GENERATE_INFOPLIST_FILE = YES;
				INFOPLIST_FILE = IDPApprover/Info.plist;
				INFOPLIST_KEY_NSFaceIDUsageDescription = "Approve payments with Face ID";
				INFOPLIST_KEY_UIApplicationSceneManifest_Generation = YES;
				INFOPLIST_KEY_UILaunchScreen_Generation = YES;
				LD_RUNPATH_SEARCH_PATHS = (
					"$(inherited)",
					"@executable_path/Frameworks",
				);
				MARKETING_VERSION = 1.0;
				PRODUCT_BUNDLE_IDENTIFIER = com.idpartners.bankapprover;
				SDKROOT = iphoneos;
				TARGETED_DEVICE_FAMILY = "1,2";
			};
			name = Debug;
		};
/* End XCBuildConfiguration section */

/* Begin XCConfigurationList section */
		3D3EABAAA7AA3F492239F6FB /* Build configuration list for PBXProject "IDPApprover" */ = {
			isa = XCConfigurationList;
			buildConfigurations = (
				0DCC7C2AAB5E9B4A7166AF24 /* Debug */,
				9A3400AAE90BAB77E40B9940 /* Release */,
			);
			defaultConfigurationIsVisible = 0;
			defaultConfigurationName = Debug;
		};
		DBA3E2DC2F406C7BDB30FB37 /* Build configuration list for PBXNativeTarget "IDPApprover" */ = {
			isa = XCConfigurationList;
			buildConfigurations = (
				AD60692C5D181020326EC2B7 /* Debug */,
				1EFD6C16BF0384CDB330A4B8 /* Release */,
			);
			defaultConfigurationIsVisible = 0;
			defaultConfigurationName = Debug;
		};
/* End XCConfigurationList section */

/* Begin XCRemoteSwiftPackageReference section */
		BA9A7BF0D488F3E431817659 /* XCRemoteSwiftPackageReference "pingone-mobile-sdk-ios" */ = {
			isa = XCRemoteSwiftPackageReference;
			repositoryURL = "https://github.com/pingidentity/pingone-mobile-sdk-ios.git";
			requirement = {
				branch = main;
				kind = branch;
			};
		};
/* End XCRemoteSwiftPackageReference section */

/* Begin XCSwiftPackageProductDependency section */
		80C890C51DE54285A3C8C0FE /* PingOneSDK */ = {
			isa = XCSwiftPackageProductDependency;
			package = BA9A7BF0D488F3E431817659 /* XCRemoteSwiftPackageReference "pingone-mobile-sdk-ios" */;
			productName = PingOneSDK;
		};
/* End XCSwiftPackageProductDependency section */
	};
	rootObject = 2FFF925DB58D7B1A2D89A2B9 /* Project object */;
}
