{
  "originHash" : "be480f84031026a18b295b30c1a002e8b2aff280eb2eb037388f2f560db46c3f",
  "pins" : [
    {
      "identity" : "keyless.mobile-sdk",
      "kind" : "registry",
      "location" : "",
      "state" : {
        "version" : "6.0.1"
      }
    },
    {
      "identity" : "pingone-mobile-sdk-ios",
      "kind" : "remoteSourceControl",
      "location" : "https://github.com/pingidentity/pingone-mobile-sdk-ios.git",
      "state" : {
        "branch" : "main",
        "revision" : "51c0f0872c13c4b9df662d6f736953645e8b2841"
      }
    }
  ],
  "version" : 3
}
